
Microsoft Visual Studio Solution File, Format Version 12.00
# Visual Studio 15
VisualStudioVersion = 15.0.26403.7
MinimumVisualStudioVersion = 10.0.40219.1
Project("{FAE04EC0-301F-11D3-BF4B-00C04F79EFBC}") = "VideoStore.Test", "VideoStore.Test\VideoStore.Test.csproj", "{61E01605-85D4-4C55-9FF7-A497D228CDCE}"
EndProject
Project("{FAE04EC0-301F-11D3-BF4B-00C04F79EFBC}") = "VideoStoreBusinessLayer", "VideoStoreBusinessLayer\VideoStoreBusinessLayer.csproj", "{1B09C6AD-3850-47E1-BE1A-9AAE79E195CD}"
EndProject
Project("{FAE04EC0-301F-11D3-BF4B-00C04F79EFBC}") = "VideoStoreUI", "VideoStoreUI\VideoStoreUI.csproj", "{C7AC84F4-0248-4159-AEAE-1564376B9428}"
EndProject
Global
	GlobalSection(SolutionConfigurationPlatforms) = preSolution
		Debug|Any CPU = Debug|Any CPU
		Release|Any CPU = Release|Any CPU
	EndGlobalSection
	GlobalSection(ProjectConfigurationPlatforms) = postSolution
		{61E01605-85D4-4C55-9FF7-A497D228CDCE}.Debug|Any CPU.ActiveCfg = Debug|Any CPU
		{61E01605-85D4-4C55-9FF7-A497D228CDCE}.Debug|Any CPU.Build.0 = Debug|Any CPU
		{61E01605-85D4-4C55-9FF7-A497D228CDCE}.Release|Any CPU.ActiveCfg = Release|Any CPU
		{61E01605-85D4-4C55-9FF7-A497D228CDCE}.Release|Any CPU.Build.0 = Release|Any CPU
		{1B09C6AD-3850-47E1-BE1A-9AAE79E195CD}.Debug|Any CPU.ActiveCfg = Debug|Any CPU
		{1B09C6AD-3850-47E1-BE1A-9AAE79E195CD}.Debug|Any CPU.Build.0 = Debug|Any CPU
		{1B09C6AD-3850-47E1-BE1A-9AAE79E195CD}.Release|Any CPU.ActiveCfg = Release|Any CPU
		{1B09C6AD-3850-47E1-BE1A-9AAE79E195CD}.Release|Any CPU.Build.0 = Release|Any CPU
		{C7AC84F4-0248-4159-AEAE-1564376B9428}.Debug|Any CPU.ActiveCfg = Debug|Any CPU
		{C7AC84F4-0248-4159-AEAE-1564376B9428}.Debug|Any CPU.Build.0 = Debug|Any CPU
		{C7AC84F4-0248-4159-AEAE-1564376B9428}.Release|Any CPU.ActiveCfg = Release|Any CPU
		{C7AC84F4-0248-4159-AEAE-1564376B9428}.Release|Any CPU.Build.0 = Release|Any CPU
	EndGlobalSection
	GlobalSection(SolutionProperties) = preSolution
		HideSolutionNode = FALSE
	EndGlobalSection
EndGlobal
